// !$*UTF8*$!
{
	archiveVersion = 1;
	classes = {
	};
	objectVersion = 50;
	objects = {

/* Begin PBXBuildFile section */
		90D2D4322081D1B100C8BF0E /* AppDelegate.swift in Sources */ = {isa = PBXBuildFile; fileRef = 90D2D4312081D1B100C8BF0E /* AppDelegate.swift */; };
		90D2D4342081D1B100C8BF0E /* ViewController.swift in Sources */ = {isa = PBXBuildFile; fileRef = 90D2D4332081D1B100C8BF0E /* ViewController.swift */; };
		90D2D4372081D1B100C8BF0E /* Main.storyboard in Resources */ = {isa = PBXBuildFile; fileRef = 90D2D4352081D1B100C8BF0E /* Main.storyboard */; };
		90D2D43A2081D1B100C8BF0E /* BookInventory.xcdatamodeld in Sources */ = {isa = PBXBuildFile; fileRef = 90D2D4382081D1B100C8BF0E /* BookInventory.xcdatamodeld */; };
		90D2D43C2081D1B200C8BF0E /* Assets.xcassets in Resources */ = {isa = PBXBuildFile; fileRef = 90D2D43B2081D1B200C8BF0E /* Assets.xcassets */; };
		90D2D43F2081D1B200C8BF0E /* LaunchScreen.storyboard in Resources */ = {isa = PBXBuildFile; fileRef = 90D2D43D2081D1B200C8BF0E /* LaunchScreen.storyboard */; };
		90D2D44A2081D1B200C8BF0E /* BookInventoryTests.swift in Sources */ = {isa = PBXBuildFile; fileRef = 90D2D4492081D1B200C8BF0E /* BookInventoryTests.swift */; };
/* End PBXBuildFile section */

/* Begin PBXContainerItemProxy section */
		90D2D4462081D1B200C8BF0E /* PBXContainerItemProxy */ = {
			isa = PBXContainerItemProxy;
			containerPortal = 90D2D4262081D1B000C8BF0E /* Project object */;
			proxyType = 1;
			remoteGlobalIDString = 90D2D42D2081D1B000C8BF0E;
			remoteInfo = BookInventory;
		};
/* End PBXContainerItemProxy section */

/* Begin PBXFileReference section */
		90D2D42E2081D1B000C8BF0E /* BookInventory.app */ = {isa = PBXFileReference; explicitFileType = wrapper.application; includeInIndex = 0; path = BookInventory.app; sourceTree = BUILT_PRODUCTS_DIR; };
		90D2D4312081D1B100C8BF0E /* AppDelegate.swift */ = {isa = PBXFileReference; lastKnownFileType = sourcecode.swift; path = AppDelegate.swift; sourceTree = "<group>"; };
		90D2D4332081D1B100C8BF0E /* ViewController.swift */ = {isa = PBXFileReference; lastKnownFileType = sourcecode.swift; path = ViewController.swift; sourceTree = "<group>"; };
		90D2D4362081D1B100C8BF0E /* Base */ = {isa = PBXFileReference; lastKnownFileType = file.storyboard; name = Base; path = Base.lproj/Main.storyboard; sourceTree = "<group>"; };
		90D2D4392081D1B100C8BF0E /* BookInventory.xcdatamodel */ = {isa = PBXFileReference; lastKnownFileType = wrapper.xcdatamodel; path = BookInventory.xcdatamodel; sourceTree = "<group>"; };
		90D2D43B2081D1B200C8BF0E /* Assets.xcassets */ = {isa = PBXFileReference; lastKnownFileType = folder.assetcatalog; path = Assets.xcassets; sourceTree = "<group>"; };
		90D2D43E2081D1B200C8BF0E /* Base */ = {isa = PBXFileReference; lastKnownFileType = file.storyboard; name = Base; path = Base.lproj/LaunchScreen.storyboard; sourceTree = "<group>"; };
		90D2D4402081D1B200C8BF0E /* Info.plist */ = {isa = PBXFileReference; lastKnownFileType = text.plist.xml; path = Info.plist; sourceTree = "<group>"; };
		90D2D4452081D1B200C8BF0E /* BookInventoryTests.xctest */ = {isa = PBXFileReference; explicitFileType = wrapper.cfbundle; includeInIndex = 0; path = BookInventoryTests.xctest; sourceTree = BUILT_PRODUCTS_DIR; };
		90D2D4492081D1B200C8BF0E /* BookInventoryTests.swift */ = {isa = PBXFileReference; lastKnownFileType = sourcecode.swift; path = BookInventoryTests.swift; sourceTree = "<group>"; };
		90D2D44B2081D1B200C8BF0E /* Info.plist */ = {isa = PBXFileReference; lastKnownFileType = text.plist.xml; path = Info.plist; sourceTree = "<group>"; };
/* End PBXFileReference section */

/* Begin PBXFrameworksBuildPhase section */
		90D2D42B2081D1B000C8BF0E /* Frameworks */ = {
			isa = PBXFrameworksBuildPhase;
			buildActionMask = 2147483647;
			files = (
			);
			runOnlyForDeploymentPostprocessing = 0;
		};
		90D2D4422081D1B200C8BF0E /* Frameworks */ = {
			isa = PBXFrameworksBuildPhase;
			buildActionMask = 2147483647;
			files = (
			);
			runOnlyForDeploymentPostprocessing = 0;
		};
/* End PBXFrameworksBuildPhase section */

/* Begin PBXGroup section */
		90D2D4252081D1B000C8BF0E = {
			isa = PBXGroup;
			children = (
				90D2D4302081D1B000C8BF0E /* BookInventory */,
				90D2D4482081D1B200C8BF0E /* BookInventoryTests */,
				90D2D42F2081D1B000C8BF0E /* Products */,
			);
			sourceTree = "<group>";
		};
		90D2D42F2081D1B000C8BF0E /* Products */ = {
			isa = PBXGroup;
			children = (
				90D2D42E2081D1B000C8BF0E /* BookInventory.app */,
				90D2D4452081D1B200C8BF0E /* BookInventoryTests.xctest */,
			);
			name = Products;
			sourceTree = "<group>";
		};
		90D2D4302081D1B000C8BF0E /* BookInventory */ = {
			isa = PBXGroup;
			children = (
				90D2D4312081D1B100C8BF0E /* AppDelegate.swift */,
				90D2D4332081D1B100C8BF0E /* ViewController.swift */,
				90D2D4352081D1B100C8BF0E /* Main.storyboard */,
				90D2D43B2081D1B200C8BF0E /* Assets.xcassets */,
				90D2D43D2081D1B200C8BF0E /* LaunchScreen.storyboard */,
				90D2D4402081D1B200C8BF0E /* Info.plist */,
				90D2D4382081D1B100C8BF0E /* BookInventory.xcdatamodeld */,
			);
			path = BookInventory;
			sourceTree = "<group>";
		};
		90D2D4482081D1B200C8BF0E /* BookInventoryTests */ = {
			isa = PBXGroup;
			children = (
				90D2D4492081D1B200C8BF0E /* BookInventoryTests.swift */,
				90D2D44B2081D1B200C8BF0E /* Info.plist */,
			);
			path = BookInventoryTests;
			sourceTree = "<group>";
		};
/* End PBXGroup section */

/* Begin PBXNativeTarget section */
		90D2D42D2081D1B000C8BF0E /* BookInventory */ = {
			isa = PBXNativeTarget;
			buildConfigurationList = 90D2D44E2081D1B200C8BF0E /* Build configuration list for PBXNativeTarget "BookInventory" */;
			buildPhases = (
				90D2D42A2081D1B000C8BF0E /* Sources */,
				90D2D42B2081D1B000C8BF0E /* Frameworks */,
				90D2D42C2081D1B000C8BF0E /* Resources */,
			);
			buildRules = (
			);
			dependencies = (
			);
			name = BookInventory;
			productName = BookInventory;
			productReference = 90D2D42E2081D1B000C8BF0E /* BookInventory.app */;
			productType = "com.apple.product-type.application";
		};
		90D2D4442081D1B200C8BF0E /* BookInventoryTests */ = {
			isa = PBXNativeTarget;
			buildConfigurationList = 90D2D4512081D1B200C8BF0E /* Build configuration list for PBXNativeTarget "BookInventoryTests" */;
			buildPhases = (
				90D2D4412081D1B200C8BF0E /* Sources */,
				90D2D4422081D1B200C8BF0E /* Frameworks */,
				90D2D4432081D1B200C8BF0E /* Resources */,
			);
			buildRules = (
			);
			dependencies = (
				90D2D4472081D1B200C8BF0E /* PBXTargetDependency */,
			);
			name = BookInventoryTests;
			productName = BookInventoryTests;
			productReference = 90D2D4452081D1B200C8BF0E /* BookInventoryTests.xctest */;
			productType = "com.apple.product-type.bundle.unit-test";
		};
/* End PBXNativeTarget section */

/* Begin PBXProject section */
		90D2D4262081D1B000C8BF0E /* Project object */ = {
			isa = PBXProject;
			attributes = {
				LastSwiftUpdateCheck = 0930;
				LastUpgradeCheck = 0930;
				ORGANIZATIONNAME = "Siva Dayalan";
				TargetAttributes = {
					90D2D42D2081D1B000C8BF0E = {
						CreatedOnToolsVersion = 9.3;
					};
					90D2D4442081D1B200C8BF0E = {
						CreatedOnToolsVersion = 9.3;
						TestTargetID = 90D2D42D2081D1B000C8BF0E;
					};
				};
			};
			buildConfigurationList = 90D2D4292081D1B000C8BF0E /* Build configuration list for PBXProject "BookInventory" */;
			compatibilityVersion = "Xcode 9.3";
			developmentRegion = en;
			hasScannedForEncodings = 0;
			knownRegions = (
				en,
				Base,
			);
			mainGroup = 90D2D4252081D1B000C8BF0E;
			productRefGroup = 90D2D42F2081D1B000C8BF0E /* Products */;
			projectDirPath = "";
			projectRoot = "";
			targets = (
				90D2D42D2081D1B000C8BF0E /* BookInventory */,
				90D2D4442081D1B200C8BF0E /* BookInventoryTests */,
			);
		};
/* End PBXProject section */

/* Begin PBXResourcesBuildPhase section */
		90D2D42C2081D1B000C8BF0E /* Resources */ = {
			isa = PBXResourcesBuildPhase;
			buildActionMask = 2147483647;
			files = (
				90D2D43F2081D1B200C8BF0E /* LaunchScreen.storyboard in Resources */,
				90D2D43C2081D1B200C8BF0E /* Assets.xcassets in Resources */,
				90D2D4372081D1B100C8BF0E /* Main.storyboard in Resources */,
			);
			runOnlyForDeploymentPostprocessing = 0;
		};
		90D2D4432081D1B200C8BF0E /* Resources */ = {
			isa = PBXResourcesBuildPhase;
			buildActionMask = 2147483647;
			files = (
			);
			runOnlyForDeploymentPostprocessing = 0;
		};
/* End PBXResourcesBuildPhase section */

/* Begin PBXSourcesBuildPhase section */
		90D2D42A2081D1B000C8BF0E /* Sources */ = {
			isa = PBXSourcesBuildPhase;
			buildActionMask = 2147483647;
			files = (
				90D2D43A2081D1B100C8BF0E /* BookInventory.xcdatamodeld in Sources */,
				90D2D4342081D1B100C8BF0E /* ViewController.swift in Sources */,
				90D2D4322081D1B100C8BF0E /* AppDelegate.swift in Sources */,
			);
			runOnlyForDeploymentPostprocessing = 0;
		};
		90D2D4412081D1B200C8BF0E /* Sources */ = {
			isa = PBXSourcesBuildPhase;
			buildActionMask = 2147483647;
			files = (
				90D2D44A2081D1B200C8BF0E /* BookInventoryTests.swift in Sources */,
			);
			runOnlyForDeploymentPostprocessing = 0;
		};
/* End PBXSourcesBuildPhase section */

/* Begin PBXTargetDependency section */
		90D2D4472081D1B200C8BF0E /* PBXTargetDependency */ = {
			isa = PBXTargetDependency;
			target = 90D2D42D2081D1B000C8BF0E /* BookInventory */;
			targetProxy = 90D2D4462081D1B200C8BF0E /* PBXContainerItemProxy */;
		};
/* End PBXTargetDependency section */

/* Begin PBXVariantGroup section */
		90D2D4352081D1B100C8BF0E /* Main.storyboard */ = {
			isa = PBXVariantGroup;
			children = (
				90D2D4362081D1B100C8BF0E /* Base */,
			);
			name = Main.storyboard;
			sourceTree = "<group>";
		};
		90D2D43D2081D1B200C8BF0E /* LaunchScreen.storyboard */ = {
			isa = PBXVariantGroup;
			children = (
				90D2D43E2081D1B200C8BF0E /* Base */,
			);
			name = LaunchScreen.storyboard;
			sourceTree = "<group>";
		};
/* End PBXVariantGroup section */

/* Begin XCBuildConfiguration section */
		90D2D44C2081D1B200C8BF0E /* Debug */ = {
			isa = XCBuildConfiguration;
			buildSettings = {
				ALWAYS_SEARCH_USER_PATHS = NO;
				CLANG_ANALYZER_NONNULL = YES;
				CLANG_ANALYZER_NUMBER_OBJECT_CONVERSION = YES_AGGRESSIVE;
				CLANG_CXX_LANGUAGE_STANDARD = "gnu++14";
				CLANG_CXX_LIBRARY = "libc++";
				CLANG_ENABLE_MODULES = YES;
				CLANG_ENABLE_OBJC_ARC = YES;
				CLANG_ENABLE_OBJC_WEAK = YES;
				CLANG_WARN_BLOCK_CAPTURE_AUTORELEASING = YES;
				CLANG_WARN_BOOL_CONVERSION = YES;
				CLANG_WARN_COMMA = YES;
				CLANG_WARN_CONSTANT_CONVERSION = YES;
				CLANG_WARN_DEPRECATED_OBJC_IMPLEMENTATIONS = YES;
				CLANG_WARN_DIRECT_OBJC_ISA_USAGE = YES_ERROR;
				CLANG_WARN_DOCUMENTATION_COMMENTS = YES;
				CLANG_WARN_EMPTY_BODY = YES;
				CLANG_WARN_ENUM_CONVERSION = YES;
				CLANG_WARN_INFINITE_RECURSION = YES;
				CLANG_WARN_INT_CONVERSION = YES;
				CLANG_WARN_NON_LITERAL_NULL_CONVERSION = YES;
				CLANG_WARN_OBJC_IMPLICIT_RETAIN_SELF = YES;
				CLANG_WARN_OBJC_LITERAL_CONVERSION = YES;
				CLANG_WARN_OBJC_ROOT_CLASS = YES_ERROR;
				CLANG_WARN_RANGE_LOOP_ANALYSIS = YES;
				CLANG_WARN_STRICT_PROTOTYPES = YES;
				CLANG_WARN_SUSPICIOUS_MOVE = YES;
				CLANG_WARN_UNGUARDED_AVAILABILITY = YES_AGGRESSIVE;
				CLANG_WARN_UNREACHABLE_CODE = YES;
				CLANG_WARN__DUPLICATE_METHOD_MATCH = YES;
				CODE_SIGN_IDENTITY = "iPhone Developer";
				COPY_PHASE_STRIP = NO;
				DEBUG_INFORMATION_FORMAT = dwarf;
				ENABLE_STRICT_OBJC_MSGSEND = YES;
				ENABLE_TESTABILITY = YES;
				GCC_C_LANGUAGE_STANDARD = gnu11;
				GCC_DYNAMIC_NO_PIC = NO;
				GCC_NO_COMMON_BLOCKS = YES;
				GCC_OPTIMIZATION_LEVEL = 0;
				GCC_PREPROCESSOR_DEFINITIONS = (
					"DEBUG=1",
					"$(inherited)",
				);
				GCC_WARN_64_TO_32_BIT_CONVERSION = YES;
				GCC_WARN_ABOUT_RETURN_TYPE = YES_ERROR;
				GCC_WARN_UNDECLARED_SELECTOR = YES;
				GCC_WARN_UNINITIALIZED_AUTOS = YES_AGGRESSIVE;
				GCC_WARN_UNUSED_FUNCTION = YES;
				GCC_WARN_UNUSED_VARIABLE = YES;
				IPHONEOS_DEPLOYMENT_TARGET = 11.3;
				MTL_ENABLE_DEBUG_INFO = YES;
				ONLY_ACTIVE_ARCH = YES;
				SDKROOT = iphoneos;
				SWIFT_ACTIVE_COMPILATION_CONDITIONS = DEBUG;
				SWIFT_OPTIMIZATION_LEVEL = "-Onone";
			};
			name = Debug;
		};
		90D2D44D2081D1B200C8BF0E /* Release */ = {
			isa = XCBuildConfiguration;
			buildSettings = {
				ALWAYS_SEARCH_USER_PATHS = NO;
				CLANG_ANALYZER_NONNULL = YES;
				CLANG_ANALYZER_NUMBER_OBJECT_CONVERSION = YES_AGGRESSIVE;
				CLANG_CXX_LANGUAGE_STANDARD = "gnu++14";
				CLANG_CXX_LIBRARY = "libc++";
				CLANG_ENABLE_MODULES = YES;
				CLANG_ENABLE_OBJC_ARC = YES;
				CLANG_ENABLE_OBJC_WEAK = YES;
				CLANG_WARN_BLOCK_CAPTURE_AUTORELEASING = YES;
				CLANG_WARN_BOOL_CONVERSION = YES;
				CLANG_WARN_COMMA = YES;
				CLANG_WARN_CONSTANT_CONVERSION = YES;
				CLANG_WARN_DEPRECATED_OBJC_IMPLEMENTATIONS = YES;
				CLANG_WARN_DIRECT_OBJC_ISA_USAGE = YES_ERROR;
				CLANG_WARN_DOCUMENTATION_COMMENTS = YES;
				CLANG_WARN_EMPTY_BODY = YES;
				CLANG_WARN_ENUM_CONVERSION = YES;
				CLANG_WARN_INFINITE_RECURSION = YES;
				CLANG_WARN_INT_CONVERSION = YES;
				CLANG_WARN_NON_LITERAL_NULL_CONVERSION = YES;
				CLANG_WARN_OBJC_IMPLICIT_RETAIN_SELF = YES;
				CLANG_WARN_OBJC_LITERAL_CONVERSION = YES;
				CLANG_WARN_OBJC_ROOT_CLASS = YES_ERROR;
				CLANG_WARN_RANGE_LOOP_ANALYSIS = YES;
				CLANG_WARN_STRICT_PROTOTYPES = YES;
				CLANG_WARN_SUSPICIOUS_MOVE = YES;
				CLANG_WARN_UNGUARDED_AVAILABILITY = YES_AGGRESSIVE;
				CLANG_WARN_UNREACHABLE_CODE = YES;
				CLANG_WARN__DUPLICATE_METHOD_MATCH = YES;
				CODE_SIGN_IDENTITY = "iPhone Developer";
				COPY_PHASE_STRIP = NO;
				DEBUG_INFORMATION_FORMAT = "dwarf-with-dsym";
				ENABLE_NS_ASSERTIONS = NO;
				ENABLE_STRICT_OBJC_MSGSEND = YES;
				GCC_C_LANGUAGE_STANDARD = gnu11;
				GCC_NO_COMMON_BLOCKS = YES;
				GCC_WARN_64_TO_32_BIT_CONVERSION = YES;
				GCC_WARN_ABOUT_RETURN_TYPE = YES_ERROR;
				GCC_WARN_UNDECLARED_SELECTOR = YES;
				GCC_WARN_UNINITIALIZED_AUTOS = YES_AGGRESSIVE;
				GCC_WARN_UNUSED_FUNCTION = YES;
				GCC_WARN_UNUSED_VARIABLE = YES;
				IPHONEOS_DEPLOYMENT_TARGET = 11.3;
				MTL_ENABLE_DEBUG_INFO = NO;
				SDKROOT = iphoneos;
				SWIFT_COMPILATION_MODE = wholemodule;
				SWIFT_OPTIMIZATION_LEVEL = "-O";
				VALIDATE_PRODUCT = YES;
			};
			name = Release;
		};
		90D2D44F2081D1B200C8BF0E /* Debug */ = {
			isa = XCBuildConfiguration;
			buildSettings = {
				ASSETCATALOG_COMPILER_APPICON_NAME = AppIcon;
				CODE_SIGN_STYLE = Automatic;
				DEVELOPMENT_TEAM = XX7PPPW38R;
				INFOPLIST_FILE = BookInventory/Info.plist;
				LD_RUNPATH_SEARCH_PATHS = (
					"$(inherited)",
					"@executable_path/Frameworks",
				);
				PRODUCT_BUNDLE_IDENTIFIER = com.dayalan.BookInventory;
				PRODUCT_NAME = "$(TARGET_NAME)";
				SWIFT_VERSION = 4.0;
				TARGETED_DEVICE_FAMILY = "1,2";
			};
			name = Debug;
		};
		90D2D4502081D1B200C8BF0E /* Release */ = {
			isa = XCBuildConfiguration;
			buildSettings = {
				ASSETCATALOG_COMPILER_APPICON_NAME = AppIcon;
				CODE_SIGN_STYLE = Automatic;
				DEVELOPMENT_TEAM = XX7PPPW38R;
				INFOPLIST_FILE = BookInventory/Info.plist;
				LD_RUNPATH_SEARCH_PATHS = (
					"$(inherited)",
					"@executable_path/Frameworks",
				);
				PRODUCT_BUNDLE_IDENTIFIER = com.dayalan.BookInventory;
				PRODUCT_NAME = "$(TARGET_NAME)";
				SWIFT_VERSION = 4.0;
				TARGETED_DEVICE_FAMILY = "1,2";
			};
			name = Release;
		};
		90D2D4522081D1B200C8BF0E /* Debug */ = {
			isa = XCBuildConfiguration;
			buildSettings = {
				ALWAYS_EMBED_SWIFT_STANDARD_LIBRARIES = YES;
				BUNDLE_LOADER = "$(TEST_HOST)";
				CODE_SIGN_STYLE = Automatic;
				DEVELOPMENT_TEAM = XX7PPPW38R;
				INFOPLIST_FILE = BookInventoryTests/Info.plist;
				LD_RUNPATH_SEARCH_PATHS = (
					"$(inherited)",
					"@executable_path/Frameworks",
					"@loader_path/Frameworks",
				);
				PRODUCT_BUNDLE_IDENTIFIER = com.dayalan.BookInventoryTests;
				PRODUCT_NAME = "$(TARGET_NAME)";
				SWIFT_VERSION = 4.0;
				TARGETED_DEVICE_FAMILY = "1,2";
				TEST_HOST = "$(BUILT_PRODUCTS_DIR)/BookInventory.app/BookInventory";
			};
			name = Debug;
		};
		90D2D4532081D1B200C8BF0E /* Release */ = {
			isa = XCBuildConfiguration;
			buildSettings = {
				ALWAYS_EMBED_SWIFT_STANDARD_LIBRARIES = YES;
				BUNDLE_LOADER = "$(TEST_HOST)";
				CODE_SIGN_STYLE = Automatic;
				DEVELOPMENT_TEAM = XX7PPPW38R;
				INFOPLIST_FILE = BookInventoryTests/Info.plist;
				LD_RUNPATH_SEARCH_PATHS = (
					"$(inherited)",
					"@executable_path/Frameworks",
					"@loader_path/Frameworks",
				);
				PRODUCT_BUNDLE_IDENTIFIER = com.dayalan.BookInventoryTests;
				PRODUCT_NAME = "$(TARGET_NAME)";
				SWIFT_VERSION = 4.0;
				TARGETED_DEVICE_FAMILY = "1,2";
				TEST_HOST = "$(BUILT_PRODUCTS_DIR)/BookInventory.app/BookInventory";
			};
			name = Release;
		};
/* End XCBuildConfiguration section */

/* Begin XCConfigurationList section */
		90D2D4292081D1B000C8BF0E /* Build configuration list for PBXProject "BookInventory" */ = {
			isa = XCConfigurationList;
			buildConfigurations = (
				90D2D44C2081D1B200C8BF0E /* Debug */,
				90D2D44D2081D1B200C8BF0E /* Release */,
			);
			defaultConfigurationIsVisible = 0;
			defaultConfigurationName = Release;
		};
		90D2D44E2081D1B200C8BF0E /* Build configuration list for PBXNativeTarget "BookInventory" */ = {
			isa = XCConfigurationList;
			buildConfigurations = (
				90D2D44F2081D1B200C8BF0E /* Debug */,
				90D2D4502081D1B200C8BF0E /* Release */,
			);
			defaultConfigurationIsVisible = 0;
			defaultConfigurationName = Release;
		};
		90D2D4512081D1B200C8BF0E /* Build configuration list for PBXNativeTarget "BookInventoryTests" */ = {
			isa = XCConfigurationList;
			buildConfigurations = (
				90D2D4522081D1B200C8BF0E /* Debug */,
				90D2D4532081D1B200C8BF0E /* Release */,
			);
			defaultConfigurationIsVisible = 0;
			defaultConfigurationName = Release;
		};
/* End XCConfigurationList section */

/* Begin XCVersionGroup section */
		90D2D4382081D1B100C8BF0E /* BookInventory.xcdatamodeld */ = {
			isa = XCVersionGroup;
			children = (
				90D2D4392081D1B100C8BF0E /* BookInventory.xcdatamodel */,
			);
			currentVersion = 90D2D4392081D1B100C8BF0E /* BookInventory.xcdatamodel */;
			path = BookInventory.xcdatamodeld;
			sourceTree = "<group>";
			versionGroupType = wrapper.xcdatamodel;
		};
/* End XCVersionGroup section */
	};
	rootObject = 90D2D4262081D1B000C8BF0E /* Project object */;
}
